
Microsoft Visual Studio Solution File, Format Version 12.00
# Visual Studio Version 16
VisualStudioVersion = 16.0.30804.86
MinimumVisualStudioVersion = 10.0.40219.1
Project("{9A19103F-16F7-4668-BE54-9A1E7A4F7556}") = "EmployeeRecords.Data", "EmployeeRecords.Data\EmployeeRecords.Data.csproj", "{9699B86F-9F58-423D-95A6-7A821CAE0685}"
EndProject
Project("{FAE04EC0-301F-11D3-BF4B-00C04F79EFBC}") = "EmployeeRecords.Web", "EmployeeRecords.Web\EmployeeRecords.Web.csproj", "{7278B3BC-C1EC-435D-8982-BF61D29A8CB2}"
EndProject
Global
	GlobalSection(SolutionConfigurationPlatforms) = preSolution
		Debug|Any CPU = Debug|Any CPU
		Release|Any CPU = Release|Any CPU
	EndGlobalSection
	GlobalSection(ProjectConfigurationPlatforms) = postSolution
		{9699B86F-9F58-423D-95A6-7A821CAE0685}.Debug|Any CPU.ActiveCfg = Debug|Any CPU
		{9699B86F-9F58-423D-95A6-7A821CAE0685}.Debug|Any CPU.Build.0 = Debug|Any CPU
		{9699B86F-9F58-423D-95A6-7A821CAE0685}.Release|Any CPU.ActiveCfg = Release|Any CPU
		{9699B86F-9F58-423D-95A6-7A821CAE0685}.Release|Any CPU.Build.0 = Release|Any CPU
		{7278B3BC-C1EC-435D-8982-BF61D29A8CB2}.Debug|Any CPU.ActiveCfg = Debug|Any CPU
		{7278B3BC-C1EC-435D-8982-BF61D29A8CB2}.Debug|Any CPU.Build.0 = Debug|Any CPU
		{7278B3BC-C1EC-435D-8982-BF61D29A8CB2}.Release|Any CPU.ActiveCfg = Release|Any CPU
		{7278B3BC-C1EC-435D-8982-BF61D29A8CB2}.Release|Any CPU.Build.0 = Release|Any CPU
	EndGlobalSection
	GlobalSection(SolutionProperties) = preSolution
		HideSolutionNode = FALSE
	EndGlobalSection
	GlobalSection(ExtensibilityGlobals) = postSolution
		SolutionGuid = {DFE8DE45-FB39-4A55-B421-F2AC3F89011C}
	EndGlobalSection
EndGlobal
